
Microsoft Visual Studio Solution File, Format Version 12.00
# Visual Studio 15
VisualStudioVersion = 15.0.27004.2005
MinimumVisualStudioVersion = 10.0.40219.1
Project("{FAE04EC0-301F-11D3-BF4B-00C04F79EFBC}") = "Rekomendacje", "Poplawski-Zad1\Rekomendacje.csproj", "{334FB9DD-28C2-4049-8474-C95814058457}"
EndProject
Project("{FAE04EC0-301F-11D3-BF4B-00C04F79EFBC}") = "Egzam", "Egzam\Egzam.csproj", "{28D96F8A-E49F-4841-9875-DA91A13000F7}"
EndProject
Global
	GlobalSection(SolutionConfigurationPlatforms) = preSolution
		Debug|Any CPU = Debug|Any CPU
		Release|Any CPU = Release|Any CPU
	EndGlobalSection
	GlobalSection(ProjectConfigurationPlatforms) = postSolution
		{334FB9DD-28C2-4049-8474-C95814058457}.Debug|Any CPU.ActiveCfg = Debug|Any CPU
		{334FB9DD-28C2-4049-8474-C95814058457}.Debug|Any CPU.Build.0 = Debug|Any CPU
		{334FB9DD-28C2-4049-8474-C95814058457}.Release|Any CPU.ActiveCfg = Release|Any CPU
		{334FB9DD-28C2-4049-8474-C95814058457}.Release|Any CPU.Build.0 = Release|Any CPU
		{28D96F8A-E49F-4841-9875-DA91A13000F7}.Debug|Any CPU.ActiveCfg = Debug|Any CPU
		{28D96F8A-E49F-4841-9875-DA91A13000F7}.Debug|Any CPU.Build.0 = Debug|Any CPU
		{28D96F8A-E49F-4841-9875-DA91A13000F7}.Release|Any CPU.ActiveCfg = Release|Any CPU
		{28D96F8A-E49F-4841-9875-DA91A13000F7}.Release|Any CPU.Build.0 = Release|Any CPU
	EndGlobalSection
	GlobalSection(SolutionProperties) = preSolution
		HideSolutionNode = FALSE
	EndGlobalSection
	GlobalSection(ExtensibilityGlobals) = postSolution
		SolutionGuid = {AF870F0E-A445-47C2-A904-CFC03083AE55}
	EndGlobalSection
EndGlobal
